
Microsoft Visual Studio Solution File, Format Version 12.00
# Visual Studio 15
VisualStudioVersion = 15.0.28307.438
MinimumVisualStudioVersion = 10.0.40219.1
Project("{8BC9CEB8-8B4A-11D0-8D11-00A0C91BC942}") = "Project1", "Project1\Project1.vcxproj", "{B3B79046-DF4C-422F-9BE5-439B9CA5E02D}"
EndProject
Global
	GlobalSection(SolutionConfigurationPlatforms) = preSolution
		Debug|x64 = Debug|x64
		Debug|x86 = Debug|x86
		Release|x64 = Release|x64
		Release|x86 = Release|x86
	EndGlobalSection
	GlobalSection(ProjectConfigurationPlatforms) = postSolution
		{B3B79046-DF4C-422F-9BE5-439B9CA5E02D}.Debug|x64.ActiveCfg = Debug|x64
		{B3B79046-DF4C-422F-9BE5-439B9CA5E02D}.Debug|x64.Build.0 = Debug|x64
		{B3B79046-DF4C-422F-9BE5-439B9CA5E02D}.Debug|x86.ActiveCfg = Debug|Win32
		{B3B79046-DF4C-422F-9BE5-439B9CA5E02D}.Debug|x86.Build.0 = Debug|Win32
		{B3B79046-DF4C-422F-9BE5-439B9CA5E02D}.Release|x64.ActiveCfg = Release|x64
		{B3B79046-DF4C-422F-9BE5-439B9CA5E02D}.Release|x64.Build.0 = Release|x64
		{B3B79046-DF4C-422F-9BE5-439B9CA5E02D}.Release|x86.ActiveCfg = Release|Win32
		{B3B79046-DF4C-422F-9BE5-439B9CA5E02D}.Release|x86.Build.0 = Release|Win32
	EndGlobalSection
	GlobalSection(SolutionProperties) = preSolution
		HideSolutionNode = FALSE
	EndGlobalSection
	GlobalSection(ExtensibilityGlobals) = postSolution
		SolutionGuid = {68737DF6-8744-4923-852F-A2DD2C146097}
	EndGlobalSection
EndGlobal
