
Microsoft Visual Studio Solution File, Format Version 12.00
# Visual Studio 15
VisualStudioVersion = 15.0.28307.438
MinimumVisualStudioVersion = 10.0.40219.1
Project("{8BC9CEB8-8B4A-11D0-8D11-00A0C91BC942}") = "Project1", "Project1\Project1.vcxproj", "{23A4E126-66AF-44B9-99E7-C2DB56A8B256}"
EndProject
Project("{8BC9CEB8-8B4A-11D0-8D11-00A0C91BC942}") = "Project2", "Project2\Project2.vcxproj", "{3DB055E6-DB0F-4986-80CD-0107E84A4DD9}"
EndProject
Global
	GlobalSection(SolutionConfigurationPlatforms) = preSolution
		Debug|x64 = Debug|x64
		Debug|x86 = Debug|x86
		Release|x64 = Release|x64
		Release|x86 = Release|x86
	EndGlobalSection
	GlobalSection(ProjectConfigurationPlatforms) = postSolution
		{23A4E126-66AF-44B9-99E7-C2DB56A8B256}.Debug|x64.ActiveCfg = Debug|x64
		{23A4E126-66AF-44B9-99E7-C2DB56A8B256}.Debug|x64.Build.0 = Debug|x64
		{23A4E126-66AF-44B9-99E7-C2DB56A8B256}.Debug|x86.ActiveCfg = Debug|Win32
		{23A4E126-66AF-44B9-99E7-C2DB56A8B256}.Debug|x86.Build.0 = Debug|Win32
		{23A4E126-66AF-44B9-99E7-C2DB56A8B256}.Release|x64.ActiveCfg = Release|x64
		{23A4E126-66AF-44B9-99E7-C2DB56A8B256}.Release|x64.Build.0 = Release|x64
		{23A4E126-66AF-44B9-99E7-C2DB56A8B256}.Release|x86.ActiveCfg = Release|Win32
		{23A4E126-66AF-44B9-99E7-C2DB56A8B256}.Release|x86.Build.0 = Release|Win32
		{3DB055E6-DB0F-4986-80CD-0107E84A4DD9}.Debug|x64.ActiveCfg = Debug|x64
		{3DB055E6-DB0F-4986-80CD-0107E84A4DD9}.Debug|x64.Build.0 = Debug|x64
		{3DB055E6-DB0F-4986-80CD-0107E84A4DD9}.Debug|x86.ActiveCfg = Debug|Win32
		{3DB055E6-DB0F-4986-80CD-0107E84A4DD9}.Debug|x86.Build.0 = Debug|Win32
		{3DB055E6-DB0F-4986-80CD-0107E84A4DD9}.Release|x64.ActiveCfg = Release|x64
		{3DB055E6-DB0F-4986-80CD-0107E84A4DD9}.Release|x64.Build.0 = Release|x64
		{3DB055E6-DB0F-4986-80CD-0107E84A4DD9}.Release|x86.ActiveCfg = Release|Win32
		{3DB055E6-DB0F-4986-80CD-0107E84A4DD9}.Release|x86.Build.0 = Release|Win32
	EndGlobalSection
	GlobalSection(SolutionProperties) = preSolution
		HideSolutionNode = FALSE
	EndGlobalSection
	GlobalSection(ExtensibilityGlobals) = postSolution
		SolutionGuid = {39C72B69-7F2E-4BF2-98DC-CC05E7CBD877}
	EndGlobalSection
EndGlobal
